github.com/aws/aws-sdk-go-v2 v1.11.1/go.mod h1:SQfA+m2ltnu1cA0soUkj4dRSsmITiVQUJvBIZjzfPyQ=
github.com/aws/aws-sdk-go-v2 v1.22.0 h1:CpTS3XO3MWNel8ohoazkLZC6scvkYL2k+m0yzFJ17Hg=
github.com/aws/aws-sdk-go-v2 v1.22.0/go.mod h1:Kd0OJtkW3Q0M0lUWGszapWjEvrXDzRW+D21JNsroB+c=
github.com/aws/aws-sdk-go-v2/aws/protocol/eventstream v1.0.0 h1:yVUAwvJC/0WNPbyl0nA3j1L6CW1CN8wBubCRqtG7JLI=
github.com/aws/aws-sdk-go-v2/aws/protocol/eventstream v1.0.0/go.mod h1:Xn6sxgRuIDflLRJFj5Ev7UxABIkNbccFPV/p8itDReM=
github.com/aws/aws-sdk-go-v2/config v1.20.0 h1:q2+/mqFhY0J9m3Tb5RGFE3R4sdaUkIe4k2EuDfE3c08=
github.com/aws/aws-sdk-go-v2/config v1.20.0/go.mod h1:7+1riCZXyT+sAGvneR5j+Zl1GyfbBUNQurpQTE6FP6k=
github.com/aws/aws-sdk-go-v2/credentials v1.14.0 h1:LQquqPE7cL55RQmA/UBoBKehDlEtMnQKm3B0Q672ePE=
github.com/aws/aws-sdk-go-v2/credentials v1.14.0/go.mod h1:q/3oaTPlamrQWHPwJe56Mjq9g1TYDgddvgTgWJtHTmE=
github.com/aws/aws-sdk-go-v2/feature/ec2/imds v1.14.0 h1:lF/cVllNAPKgjDwN2RsQUX9g/f6hXer9f10ubLFSoug=
github.com/aws/aws-sdk-go-v2/feature/ec2/imds v1.14.0/go.mod h1:c28nJNzMVVb9TQpZ5q4tzZvwEJwf/7So7Ie2s90l1Fw=
github.com/aws/aws-sdk-go-v2/internal/configsources v1.1.1/go.mod h1:22SEiBSQm5AyKEjoPcG1hzpeTI+m9CXfE6yt1h49wBE=
github.com/aws/aws-sdk-go-v2/internal/configsources v1.2.0 h1:tN6dNNE4SzMuyMnVtQJXGVKX177/d5Zy4MuA1HA4KUc=
github.com/aws/aws-sdk-go-v2/internal/configsources v1.2.0/go.mod h1:F6MXWETIeetAHwFHyoHEqrcB3NpijFv9nLP5h9CXtT0=
github.com/aws/aws-sdk-go-v2/internal/endpoints/v2 v2.0.1/go.mod h1:1xvCD+I5BcDuQUc+psZr7LI1a9pclAWZs3S3Gce5+lg=
github.com/aws/aws-sdk-go-v2/internal/endpoints/v2 v2.5.0 h1:bfdsbTARDjaC/dSYGMO+E0psxFU4hTvCLnqYAfZ3D38=
github.com/aws/aws-sdk-go-v2/internal/endpoints/v2 v2.5.0/go.mod h1:Jg8XVv5M2V2wiAMvBFx+O59jg6Yr8vhP0bgNF/IuquM=
github.com/aws/aws-sdk-go-v2/internal/ini v1.4.0 h1:21tlTXq3ev10yLMAjXZzpkZbrl49h3ElSjmxD57tD/E=
github.com/aws/aws-sdk-go-v2/internal/ini v1.4.0/go.mod h1:d9YrBHJhyzDCv5UsEVRizHlFV6Q0sLemFq6uxuqWfUw=
github.com/aws/aws-sdk-go-v2/service/internal/accept-encoding v1.5.0 h1:lPLbw4Gn59uoKqvOfSnkJr54XWk5Ak1NK20ZEiSWb3U=
github.com/aws/aws-sdk-go-v2/service/internal/accept-encoding v1.5.0/go.mod h1:80NaCIH9YU3rzTTs/J/ECATjXuRqzo/wB6ukO6MZ0XY=
github.com/aws/aws-sdk-go-v2/service/internal/presigned-url v1.5.1/go.mod h1:fEaHB2bi+wVZw4uKMHEXTL9LwtT4EL//DOhTeflqIVo=
github.com/aws/aws-sdk-go-v2/service/internal/presigned-url v1.10.0 h1:dJnwy5Awv+uvfk73aRENVbv1cSQQ60ydCkPaun097KM=
github.com/aws/aws-sdk-go-v2/service/internal/presigned-url v1.10.0/go.mod h1:RsPWWy7u/hwmFX57sQ7MLvrvJeYyNkiMm5BaavpoU18=
github.com/aws/aws-sdk-go-v2/service/internal/s3shared v1.9.1 h1:ACJBfyfa2TxVBzwiKOdzLVdRymu6XKDXLLkfAC6rNBM=
github.com/aws/aws-sdk-go-v2/service/internal/s3shared v1.9.1/go.mod h1:wnxXx7N+DjBf8mDy1qAzoSqWmpOOzCHW6hRqIUxPQEw=
github.com/aws/aws-sdk-go-v2/service/s3 v1.20.0 h1:aJ/eHlW9VhcXXDj1baRvwVkkl4yondQ9p3nS02fM4MM=
github.com/aws/aws-sdk-go-v2/service/s3 v1.20.0/go.mod h1:wcAYHjbvrLxDNWJmwCgwxudlHIkSLyU2m4Q1tWO6QZw=
github.com/aws/aws-sdk-go-v2/service/sso v1.16.0 h1:ZIlR6Wr/EgYwBdEz1NWBqdUsTh0mV7A68pId3YZl6H0=
github.com/aws/aws-sdk-go-v2/service/sso v1.16.0/go.mod h1:O7B5cpuhhJKefAKkM7onb0McmpHyKnsH4RrHJhOyq7M=
github.com/aws/aws-sdk-go-v2/service/ssooidc v1.18.0 h1:3BZyJei4k1SHdSAFhg9Qg15NnG3v5zosZyFWPm7df/A=
github.com/aws/aws-sdk-go-v2/service/ssooidc v1.18.0/go.mod h1:Td8EvzggonY02wLaqSpwybI3GbmA0PWoprKGil2uwJg=
github.com/aws/aws-sdk-go-v2/service/sts v1.24.0 h1:f/V5Y9OaHuNRrA9MntNQNAtMFXqhKj8HTEPnH81eXMI=
github.com/aws/aws-sdk-go-v2/service/sts v1.24.0/go.mod h1:HnCUMNz2XqwnEEk5X6oeDYB2HgOLFpJ/LyfilN8WErs=
github.com/aws/smithy-go v1.9.0/go.mod h1:SObp3lf9smib00L/v3U2eAKG8FyQ7iLrJnQiAmR5n+E=
github.com/aws/smithy-go v1.16.0 h1:gJZEH/Fqh+RsvlJ1Zt4tVAtV6bKkp3cC+R6FCZMNzik=
github.com/aws/smithy-go v1.16.0/go.mod h1:NukqUGpCZIILqqiV0NIjeFh24kd/FAa4beRb6nbIUPE=
github.com/davecgh/go-spew v1.1.0/go.mod h1:J7Y8YcW2NihsgmVo/mv3lAwl/skON4iLHjSsI+c5H38=
github.com/davecgh/go-spew v1.1.1 h1:vj9j/u1bqnvCEfJOwUhtlOARqs3+rkHYY13jYWTU97c=
github.com/davecgh/go-spew v1.1.1/go.mod h1:J7Y8YcW2NihsgmVo/mv3lAwl/skON4iLHjSsI+c5H38=
github.com/google/go-cmp v0.5.4/go.mod h1:v8dTdLbMG2kIc/vJvl+f65V22dbkXbowE6jgT/gNBxE=
github.com/google/go-cmp v0.5.6/go.mod h1:v8dTdLbMG2kIc/vJvl+f65V22dbkXbowE6jgT/gNBxE=
github.com/google/go-cmp v0.5.8 h1:e6P7q2lk1O+qJJb4BtCQXlK8vWEO8V1ZeuEdJNOqZyg=
github.com/google/go-cmp v0.5.8/go.mod h1:17dUlkBOakJ0+DkrSSNjCkIjxS6bF9zb3elmeNGIjoY=
github.com/jackc/pgpassfile v1.0.0 h1:/6Hmqy13Ss2zCq62VdNG8tM1wchn8zjSGOBJ6icpsIM=
github.com/jackc/pgpassfile v1.0.0/go.mod h1:CEx0iS5ambNFdcRtxPj5JhEz+xB6uRky5eyVu/W2HEg=
github.com/jackc/pgservicefile v0.0.0-20240606120523-5a60cdf6a761 h1:iCEnooe7UlwOQYpKFhBabPMi4aNAfoODPEFNiAnClxo=
github.com/jackc/pgservicefile v0.0.0-20240606120523-5a60cdf6a761/go.mod h1:5TJZWKEWniPve33vlWYSoGYefn3gLQRzjfDlhSJ9ZKM=
github.com/jackc/pgx/v5 v5.10.0 h1:VhSvgU2jSli8o3AqIEOTJr7rZwAEUVo4E4XhR94Zfr0=
github.com/jackc/pgx/v5 v5.10.0/go.mod h1:mal1tBGAFfLHvZzaYh77YS/eC6IX9OWbRV1QIIM0Jn4=
github.com/jackc/puddle/v2 v2.2.2 h1:PR8nw+E/1w0GLuRFSmiioY6UooMp6KJv0/61nB7icHo=
github.com/jackc/puddle/v2 v2.2.2/go.mod h1:vriiEXHvEE654aYKXXjOvZM39qJ0q+azkZFrfEOc3H4=
github.com/jmespath/go-jmespath v0.4.0/go.mod h1:T8mJZnbsbmF+m6zOOFylbeCJqk5+pHWvzYPziyZiYoo=
github.com/jmespath/go-jmespath/internal/testify v1.5.1/go.mod h1:L3OGu8Wl2/fWfCI6z80xFu9LTZmf1ZRjMHUOPmWr69U=
github.com/pmezard/go-difflib v1.0.0 h1:4DBwDE0NGyQoBHbLQYPwSUPoCMWR5BEzIk/f1lZbAQM=
github.com/pmezard/go-difflib v1.0.0/go.mod h1:iKH77koFhYxTK1pcRnkKkqfTogsbg7gZNVY4sRDYZ/4=
github.com/stretchr/objx v0.1.0/go.mod h1:HFkY916IF+rwdDfMAkV7OtwuqBVzrE8GR6GFx+wExME=
github.com/stretchr/testify v1.3.0/go.mod h1:M5WIy9Dh21IEIfnGCwXGc5bZfKNJtfHm1UVUgZn+9EI=
github.com/stretchr/testify v1.7.0/go.mod h1:6Fq8oRcR53rry900zMqJjRRixrwX3KX962/h/Wwjteg=
github.com/stretchr/testify v1.11.1 h1:7s2iGBzp5EwR7/aIZr8ao5+dra3wiQyKjjFuvgVKu7U=
github.com/stretchr/testify v1.11.1/go.mod h1:wZwfW3scLgRK+23gO65QZefKpKQRnfz6sD981Nm4B6U=
golang.org/x/sync v0.17.0 h1:l60nONMj9l5drqw6jlhIELNv9I0A4OFgRsG9k2oT9Ug=
golang.org/x/sync v0.17.0/go.mod h1:9KTHXmSnoGruLpwFjVSX0lNNA75CykiMECbovNTZqGI=
golang.org/x/text v0.29.0 h1:1neNs90w9YzJ9BocxfsQNHKuAT4pkghyXc4nhZ6sJvk=
golang.org/x/text v0.29.0/go.mod h1:7MhJOA9CD2qZyOKYazxdYMF85OwPdEr9jTtBpO7ydH4=
golang.org/x/xerrors v0.0.0-20191204190536-9bdfabe68543/go.mod h1:I/5z698sn9Ka8TeJc9MKroUUfqBBauWjQqLJ2OPfmY0=
gopkg.in/check.v1 v0.0.0-20161208181325-20d25e280405/go.mod h1:Co6ibVJAznAaIkqp8huTwlJQCZ016jof/cbN4VW5Yz0=
gopkg.in/yaml.v2 v2.2.8/go.mod h1:hI93XBmqTisBFMUTm0b8Fm+jr3Dg1NNxqwp+5A1VGuI=
gopkg.in/yaml.v3 v3.0.0-20200313102051-9f266ea9e77c/go.mod h1:K4uyk7z7BCEPqu6E+C64Yfv1cQ7kz7rIZviUmN+EgEM=
gopkg.in/yaml.v3 v3.0.1 h1:fxVm/GzAzEWqLHuvctI91KS9hhNmmWOoWu0XTYJS7CA=
gopkg.in/yaml.v3 v3.0.1/go.mod h1:K4uyk7z7BCEPqu6E+C64Yfv1cQ7kz7rIZviUmN+EgEM=
